
Microsoft Visual Studio Solution File, Format Version 12.00
# Visual Studio Version 17
VisualStudioVersion = 17.6.33829.357
MinimumVisualStudioVersion = 10.0.40219.1
Project("{9A19103F-16F7-4668-BE54-9A1E7A4F7556}") = "MicroServiceAzureService", "MicroServiceAzureService.csproj", "{EFCCA06E-B24F-4646-99F5-5B771AFDA689}"
EndProject
Project("{9A19103F-16F7-4668-BE54-9A1E7A4F7556}") = "MicroServiceAzureServiceUnitTests", "..\MicroServiceAzureServiceUnitTests\MicroServiceAzureServiceUnitTests.csproj", "{EED54F2E-DFB0-4D8E-A34B-107BF5E0485D}"
EndProject
Global
	GlobalSection(SolutionConfigurationPlatforms) = preSolution
		Debug|Any CPU = Debug|Any CPU
		Release|Any CPU = Release|Any CPU
	EndGlobalSection
	GlobalSection(ProjectConfigurationPlatforms) = postSolution
		{EFCCA06E-B24F-4646-99F5-5B771AFDA689}.Debug|Any CPU.ActiveCfg = Debug|Any CPU
		{EFCCA06E-B24F-4646-99F5-5B771AFDA689}.Debug|Any CPU.Build.0 = Debug|Any CPU
		{EFCCA06E-B24F-4646-99F5-5B771AFDA689}.Release|Any CPU.ActiveCfg = Release|Any CPU
		{EFCCA06E-B24F-4646-99F5-5B771AFDA689}.Release|Any CPU.Build.0 = Release|Any CPU
		{EED54F2E-DFB0-4D8E-A34B-107BF5E0485D}.Debug|Any CPU.ActiveCfg = Debug|Any CPU
		{EED54F2E-DFB0-4D8E-A34B-107BF5E0485D}.Debug|Any CPU.Build.0 = Debug|Any CPU
		{EED54F2E-DFB0-4D8E-A34B-107BF5E0485D}.Release|Any CPU.ActiveCfg = Release|Any CPU
		{EED54F2E-DFB0-4D8E-A34B-107BF5E0485D}.Release|Any CPU.Build.0 = Release|Any CPU
	EndGlobalSection
	GlobalSection(SolutionProperties) = preSolution
		HideSolutionNode = FALSE
	EndGlobalSection
	GlobalSection(ExtensibilityGlobals) = postSolution
		SolutionGuid = {A44011CF-C53D-4A8B-A074-A54FDF627808}
	EndGlobalSection
EndGlobal
